
Microsoft Visual Studio Solution File, Format Version 12.00
# Visual Studio Version 16
VisualStudioVersion = 16.0.28315.86
MinimumVisualStudioVersion = 10.0.40219.1
Project("{2150E333-8FDC-42A3-9474-1A3956D46DE8}") = "Engine", "Engine", "{A6D6D26C-2C38-4438-850C-DC0E18335217}"
EndProject
Project("{2150E333-8FDC-42A3-9474-1A3956D46DE8}") = "Games", "Games", "{714A82D5-28C9-4BD1-AE62-E21F513CAC31}"
EndProject
Project("{8BC9CEB8-8B4A-11D0-8D11-00A0C91BC942}") = "Noname", "Intermediate\ProjectFiles\Noname.vcxproj", "{B4846276-A7FB-48F4-99E9-6F384A7174EA}"
EndProject
Project("{8BC9CEB8-8B4A-11D0-8D11-00A0C91BC942}") = "UE4", "Intermediate\ProjectFiles\UE4.vcxproj", "{65A5D8C0-1D67-4E62-A2F3-4D87F381EBB2}"
EndProject
Project("{2150E333-8FDC-42A3-9474-1A3956D46DE8}") = "Visualizers", "Visualizers", "{8F2FA355-7C56-4D90-9A7D-D7DE4A39B346}"
	ProjectSection(SolutionItems) = preProject
		F:\Office\Epic Games\UE_4.24\Engine\Extras\VisualStudioDebugging\UE4.natvis = F:\Office\Epic Games\UE_4.24\Engine\Extras\VisualStudioDebugging\UE4.natvis
	EndProjectSection
EndProject
Global
	GlobalSection(SolutionConfigurationPlatforms) = preSolution
		DebugGame Editor|Win32 = DebugGame Editor|Win32
		DebugGame Editor|Win64 = DebugGame Editor|Win64
		DebugGame|Win32 = DebugGame|Win32
		DebugGame|Win64 = DebugGame|Win64
		Development Editor|Win32 = Development Editor|Win32
		Development Editor|Win64 = Development Editor|Win64
		Development|Win32 = Development|Win32
		Development|Win64 = Development|Win64
		Shipping|Win32 = Shipping|Win32
		Shipping|Win64 = Shipping|Win64
	EndGlobalSection
	GlobalSection(ProjectConfigurationPlatforms) = postSolution
		{B4846276-A7FB-48F4-99E9-6F384A7174EA}.DebugGame Editor|Win32.ActiveCfg = Invalid|Win32
		{B4846276-A7FB-48F4-99E9-6F384A7174EA}.DebugGame Editor|Win64.ActiveCfg = DebugGame_Editor|x64
		{B4846276-A7FB-48F4-99E9-6F384A7174EA}.DebugGame Editor|Win64.Build.0 = DebugGame_Editor|x64
		{B4846276-A7FB-48F4-99E9-6F384A7174EA}.DebugGame|Win32.ActiveCfg = DebugGame|Win32
		{B4846276-A7FB-48F4-99E9-6F384A7174EA}.DebugGame|Win32.Build.0 = DebugGame|Win32
		{B4846276-A7FB-48F4-99E9-6F384A7174EA}.DebugGame|Win64.ActiveCfg = DebugGame|x64
		{B4846276-A7FB-48F4-99E9-6F384A7174EA}.DebugGame|Win64.Build.0 = DebugGame|x64
		{B4846276-A7FB-48F4-99E9-6F384A7174EA}.Development Editor|Win32.ActiveCfg = Invalid|Win32
		{B4846276-A7FB-48F4-99E9-6F384A7174EA}.Development Editor|Win64.ActiveCfg = Development_Editor|x64
		{B4846276-A7FB-48F4-99E9-6F384A7174EA}.Development Editor|Win64.Build.0 = Development_Editor|x64
		{B4846276-A7FB-48F4-99E9-6F384A7174EA}.Development|Win32.ActiveCfg = Development|Win32
		{B4846276-A7FB-48F4-99E9-6F384A7174EA}.Development|Win32.Build.0 = Development|Win32
		{B4846276-A7FB-48F4-99E9-6F384A7174EA}.Development|Win64.ActiveCfg = Development|x64
		{B4846276-A7FB-48F4-99E9-6F384A7174EA}.Development|Win64.Build.0 = Development|x64
		{B4846276-A7FB-48F4-99E9-6F384A7174EA}.Shipping|Win32.ActiveCfg = Shipping|Win32
		{B4846276-A7FB-48F4-99E9-6F384A7174EA}.Shipping|Win32.Build.0 = Shipping|Win32
		{B4846276-A7FB-48F4-99E9-6F384A7174EA}.Shipping|Win64.ActiveCfg = Shipping|x64
		{B4846276-A7FB-48F4-99E9-6F384A7174EA}.Shipping|Win64.Build.0 = Shipping|x64
		{65A5D8C0-1D67-4E62-A2F3-4D87F381EBB2}.DebugGame Editor|Win32.ActiveCfg = BuiltWithUnrealBuildTool|Win32
		{65A5D8C0-1D67-4E62-A2F3-4D87F381EBB2}.DebugGame Editor|Win64.ActiveCfg = BuiltWithUnrealBuildTool|Win32
		{65A5D8C0-1D67-4E62-A2F3-4D87F381EBB2}.DebugGame|Win32.ActiveCfg = BuiltWithUnrealBuildTool|Win32
		{65A5D8C0-1D67-4E62-A2F3-4D87F381EBB2}.DebugGame|Win64.ActiveCfg = BuiltWithUnrealBuildTool|Win32
		{65A5D8C0-1D67-4E62-A2F3-4D87F381EBB2}.Development Editor|Win32.ActiveCfg = BuiltWithUnrealBuildTool|Win32
		{65A5D8C0-1D67-4E62-A2F3-4D87F381EBB2}.Development Editor|Win64.ActiveCfg = BuiltWithUnrealBuildTool|Win32
		{65A5D8C0-1D67-4E62-A2F3-4D87F381EBB2}.Development|Win32.ActiveCfg = BuiltWithUnrealBuildTool|Win32
		{65A5D8C0-1D67-4E62-A2F3-4D87F381EBB2}.Development|Win64.ActiveCfg = BuiltWithUnrealBuildTool|Win32
		{65A5D8C0-1D67-4E62-A2F3-4D87F381EBB2}.Shipping|Win32.ActiveCfg = BuiltWithUnrealBuildTool|Win32
		{65A5D8C0-1D67-4E62-A2F3-4D87F381EBB2}.Shipping|Win64.ActiveCfg = BuiltWithUnrealBuildTool|Win32
	EndGlobalSection
	GlobalSection(SolutionProperties) = preSolution
		HideSolutionNode = FALSE
	EndGlobalSection
	GlobalSection(NestedProjects) = preSolution
		{65A5D8C0-1D67-4E62-A2F3-4D87F381EBB2} = {A6D6D26C-2C38-4438-850C-DC0E18335217}
		{B4846276-A7FB-48F4-99E9-6F384A7174EA} = {714A82D5-28C9-4BD1-AE62-E21F513CAC31}
	EndGlobalSection
EndGlobal
